
Microsoft Visual Studio Solution File, Format Version 12.00
# Visual Studio Version 17
VisualStudioVersion = 17.1.32407.343
MinimumVisualStudioVersion = 10.0.40219.1
Project("{FAE04EC0-301F-11D3-BF4B-00C04F79EFBC}") = "DeberSemama7Sqlite.Android", "DeberSemama7Sqlite\DeberSemama7Sqlite.Android\DeberSemama7Sqlite.Android.csproj", "{901ADCC9-3B5C-4A83-BF0D-0F36A88393C2}"
EndProject
Project("{FAE04EC0-301F-11D3-BF4B-00C04F79EFBC}") = "DeberSemama7Sqlite.iOS", "DeberSemama7Sqlite\DeberSemama7Sqlite.iOS\DeberSemama7Sqlite.iOS.csproj", "{6033042F-2AB3-49B0-9E58-3A8011D572BF}"
EndProject
Project("{FAE04EC0-301F-11D3-BF4B-00C04F79EFBC}") = "DeberSemama7Sqlite", "DeberSemama7Sqlite\DeberSemama7Sqlite\DeberSemama7Sqlite.csproj", "{589C8D44-0E5E-4198-AF50-53FCC092E8FC}"
EndProject
Global
	GlobalSection(SolutionConfigurationPlatforms) = preSolution
		Debug|Any CPU = Debug|Any CPU
		Debug|iPhone = Debug|iPhone
		Debug|iPhoneSimulator = Debug|iPhoneSimulator
		Release|Any CPU = Release|Any CPU
		Release|iPhone = Release|iPhone
		Release|iPhoneSimulator = Release|iPhoneSimulator
	EndGlobalSection
	GlobalSection(ProjectConfigurationPlatforms) = postSolution
		{901ADCC9-3B5C-4A83-BF0D-0F36A88393C2}.Debug|Any CPU.ActiveCfg = Debug|Any CPU
		{901ADCC9-3B5C-4A83-BF0D-0F36A88393C2}.Debug|Any CPU.Build.0 = Debug|Any CPU
		{901ADCC9-3B5C-4A83-BF0D-0F36A88393C2}.Debug|Any CPU.Deploy.0 = Debug|Any CPU
		{901ADCC9-3B5C-4A83-BF0D-0F36A88393C2}.Debug|iPhone.ActiveCfg = Debug|Any CPU
		{901ADCC9-3B5C-4A83-BF0D-0F36A88393C2}.Debug|iPhone.Build.0 = Debug|Any CPU
		{901ADCC9-3B5C-4A83-BF0D-0F36A88393C2}.Debug|iPhone.Deploy.0 = Debug|Any CPU
		{901ADCC9-3B5C-4A83-BF0D-0F36A88393C2}.Debug|iPhoneSimulator.ActiveCfg = Debug|Any CPU
		{901ADCC9-3B5C-4A83-BF0D-0F36A88393C2}.Debug|iPhoneSimulator.Build.0 = Debug|Any CPU
		{901ADCC9-3B5C-4A83-BF0D-0F36A88393C2}.Debug|iPhoneSimulator.Deploy.0 = Debug|Any CPU
		{901ADCC9-3B5C-4A83-BF0D-0F36A88393C2}.Release|Any CPU.ActiveCfg = Release|Any CPU
		{901ADCC9-3B5C-4A83-BF0D-0F36A88393C2}.Release|Any CPU.Build.0 = Release|Any CPU
		{901ADCC9-3B5C-4A83-BF0D-0F36A88393C2}.Release|Any CPU.Deploy.0 = Release|Any CPU
		{901ADCC9-3B5C-4A83-BF0D-0F36A88393C2}.Release|iPhone.ActiveCfg = Release|Any CPU
		{901ADCC9-3B5C-4A83-BF0D-0F36A88393C2}.Release|iPhone.Build.0 = Release|Any CPU
		{901ADCC9-3B5C-4A83-BF0D-0F36A88393C2}.Release|iPhone.Deploy.0 = Release|Any CPU
		{901ADCC9-3B5C-4A83-BF0D-0F36A88393C2}.Release|iPhoneSimulator.ActiveCfg = Release|Any CPU
		{901ADCC9-3B5C-4A83-BF0D-0F36A88393C2}.Release|iPhoneSimulator.Build.0 = Release|Any CPU
		{901ADCC9-3B5C-4A83-BF0D-0F36A88393C2}.Release|iPhoneSimulator.Deploy.0 = Release|Any CPU
		{6033042F-2AB3-49B0-9E58-3A8011D572BF}.Debug|Any CPU.ActiveCfg = Debug|iPhone
		{6033042F-2AB3-49B0-9E58-3A8011D572BF}.Debug|Any CPU.Build.0 = Debug|iPhone
		{6033042F-2AB3-49B0-9E58-3A8011D572BF}.Debug|Any CPU.Deploy.0 = Debug|iPhone
		{6033042F-2AB3-49B0-9E58-3A8011D572BF}.Debug|iPhone.ActiveCfg = Debug|iPhone
		{6033042F-2AB3-49B0-9E58-3A8011D572BF}.Debug|iPhone.Build.0 = Debug|iPhone
		{6033042F-2AB3-49B0-9E58-3A8011D572BF}.Debug|iPhone.Deploy.0 = Debug|iPhone
		{6033042F-2AB3-49B0-9E58-3A8011D572BF}.Debug|iPhoneSimulator.ActiveCfg = Debug|iPhoneSimulator
		{6033042F-2AB3-49B0-9E58-3A8011D572BF}.Debug|iPhoneSimulator.Build.0 = Debug|iPhoneSimulator
		{6033042F-2AB3-49B0-9E58-3A8011D572BF}.Debug|iPhoneSimulator.Deploy.0 = Debug|iPhoneSimulator
		{6033042F-2AB3-49B0-9E58-3A8011D572BF}.Release|Any CPU.ActiveCfg = Release|iPhoneSimulator
		{6033042F-2AB3-49B0-9E58-3A8011D572BF}.Release|Any CPU.Build.0 = Release|iPhoneSimulator
		{6033042F-2AB3-49B0-9E58-3A8011D572BF}.Release|Any CPU.Deploy.0 = Release|iPhoneSimulator
		{6033042F-2AB3-49B0-9E58-3A8011D572BF}.Release|iPhone.ActiveCfg = Release|iPhone
		{6033042F-2AB3-49B0-9E58-3A8011D572BF}.Release|iPhone.Build.0 = Release|iPhone
		{6033042F-2AB3-49B0-9E58-3A8011D572BF}.Release|iPhone.Deploy.0 = Release|iPhone
		{6033042F-2AB3-49B0-9E58-3A8011D572BF}.Release|iPhoneSimulator.ActiveCfg = Release|iPhoneSimulator
		{6033042F-2AB3-49B0-9E58-3A8011D572BF}.Release|iPhoneSimulator.Build.0 = Release|iPhoneSimulator
		{6033042F-2AB3-49B0-9E58-3A8011D572BF}.Release|iPhoneSimulator.Deploy.0 = Release|iPhoneSimulator
		{589C8D44-0E5E-4198-AF50-53FCC092E8FC}.Debug|Any CPU.ActiveCfg = Debug|Any CPU
		{589C8D44-0E5E-4198-AF50-53FCC092E8FC}.Debug|Any CPU.Build.0 = Debug|Any CPU
		{589C8D44-0E5E-4198-AF50-53FCC092E8FC}.Debug|Any CPU.Deploy.0 = Debug|Any CPU
		{589C8D44-0E5E-4198-AF50-53FCC092E8FC}.Debug|iPhone.ActiveCfg = Debug|Any CPU
		{589C8D44-0E5E-4198-AF50-53FCC092E8FC}.Debug|iPhone.Build.0 = Debug|Any CPU
		{589C8D44-0E5E-4198-AF50-53FCC092E8FC}.Debug|iPhone.Deploy.0 = Debug|Any CPU
		{589C8D44-0E5E-4198-AF50-53FCC092E8FC}.Debug|iPhoneSimulator.ActiveCfg = Debug|Any CPU
		{589C8D44-0E5E-4198-AF50-53FCC092E8FC}.Debug|iPhoneSimulator.Build.0 = Debug|Any CPU
		{589C8D44-0E5E-4198-AF50-53FCC092E8FC}.Debug|iPhoneSimulator.Deploy.0 = Debug|Any CPU
		{589C8D44-0E5E-4198-AF50-53FCC092E8FC}.Release|Any CPU.ActiveCfg = Release|Any CPU
		{589C8D44-0E5E-4198-AF50-53FCC092E8FC}.Release|Any CPU.Build.0 = Release|Any CPU
		{589C8D44-0E5E-4198-AF50-53FCC092E8FC}.Release|Any CPU.Deploy.0 = Release|Any CPU
		{589C8D44-0E5E-4198-AF50-53FCC092E8FC}.Release|iPhone.ActiveCfg = Release|Any CPU
		{589C8D44-0E5E-4198-AF50-53FCC092E8FC}.Release|iPhone.Build.0 = Release|Any CPU
		{589C8D44-0E5E-4198-AF50-53FCC092E8FC}.Release|iPhone.Deploy.0 = Release|Any CPU
		{589C8D44-0E5E-4198-AF50-53FCC092E8FC}.Release|iPhoneSimulator.ActiveCfg = Release|Any CPU
		{589C8D44-0E5E-4198-AF50-53FCC092E8FC}.Release|iPhoneSimulator.Build.0 = Release|Any CPU
		{589C8D44-0E5E-4198-AF50-53FCC092E8FC}.Release|iPhoneSimulator.Deploy.0 = Release|Any CPU
	EndGlobalSection
	GlobalSection(SolutionProperties) = preSolution
		HideSolutionNode = FALSE
	EndGlobalSection
	GlobalSection(ExtensibilityGlobals) = postSolution
		SolutionGuid = {CBE6D539-73BD-4571-868A-302648485AE1}
	EndGlobalSection
EndGlobal
